
Microsoft Visual Studio Solution File, Format Version 12.00
# Visual Studio Version 17
VisualStudioVersion = 17.13.35931.197
MinimumVisualStudioVersion = 10.0.40219.1
Project("{FAE04EC0-301F-11D3-BF4B-00C04F79EFBC}") = "KeyManagerTool", "KeyManagerTool\KeyManagerTool.csproj", "{D869110A-B325-4C18-9708-BC7261995856}"
EndProject
Project("{FAE04EC0-301F-11D3-BF4B-00C04F79EFBC}") = "KeyManagerTool.Dao", "KeyManagerTool.Dao\KeyManagerTool.Dao.csproj", "{09034E37-D392-4BB9-A2C2-C65629EA0E2F}"
EndProject
Project("{FAE04EC0-301F-11D3-BF4B-00C04F79EFBC}") = "KeyManagerTool.Domain", "KeyManagerTool.Domain\KeyManagerTool.Domain.csproj", "{45F3256E-AD0D-485A-B065-3B38402C00C4}"
EndProject
Project("{FAE04EC0-301F-11D3-BF4B-00C04F79EFBC}") = "KeyManagerTool.Service", "KeyManagerTool.Service\KeyManagerTool.Service.csproj", "{D8C8B1D8-32B5-419F-98A8-FF58B64D3564}"
EndProject
Project("{FAE04EC0-301F-11D3-BF4B-00C04F79EFBC}") = "KeyManagerTool.CryptoLib", "KeyManagerTool.CryptoLib\KeyManagerTool.CryptoLib.csproj", "{A87CC345-69BA-4CBE-85FC-C88A17AC4DB9}"
EndProject
Project("{FAE04EC0-301F-11D3-BF4B-00C04F79EFBC}") = "KeyManagerTool.KeyGeneratorApp", "KeyManagerTool.KeyGeneratorApp\KeyManagerTool.KeyGeneratorApp.csproj", "{15FC3697-E824-4AE5-8AD3-1537D3EFB0E1}"
EndProject
Global
	GlobalSection(SolutionConfigurationPlatforms) = preSolution
		Debug|Any CPU = Debug|Any CPU
		Release|Any CPU = Release|Any CPU
	EndGlobalSection
	GlobalSection(ProjectConfigurationPlatforms) = postSolution
		{D869110A-B325-4C18-9708-BC7261995856}.Debug|Any CPU.ActiveCfg = Debug|Any CPU
		{D869110A-B325-4C18-9708-BC7261995856}.Debug|Any CPU.Build.0 = Debug|Any CPU
		{D869110A-B325-4C18-9708-BC7261995856}.Release|Any CPU.ActiveCfg = Release|Any CPU
		{D869110A-B325-4C18-9708-BC7261995856}.Release|Any CPU.Build.0 = Release|Any CPU
		{09034E37-D392-4BB9-A2C2-C65629EA0E2F}.Debug|Any CPU.ActiveCfg = Debug|Any CPU
		{09034E37-D392-4BB9-A2C2-C65629EA0E2F}.Debug|Any CPU.Build.0 = Debug|Any CPU
		{09034E37-D392-4BB9-A2C2-C65629EA0E2F}.Release|Any CPU.ActiveCfg = Release|Any CPU
		{09034E37-D392-4BB9-A2C2-C65629EA0E2F}.Release|Any CPU.Build.0 = Release|Any CPU
		{45F3256E-AD0D-485A-B065-3B38402C00C4}.Debug|Any CPU.ActiveCfg = Debug|Any CPU
		{45F3256E-AD0D-485A-B065-3B38402C00C4}.Debug|Any CPU.Build.0 = Debug|Any CPU
		{45F3256E-AD0D-485A-B065-3B38402C00C4}.Release|Any CPU.ActiveCfg = Release|Any CPU
		{45F3256E-AD0D-485A-B065-3B38402C00C4}.Release|Any CPU.Build.0 = Release|Any CPU
		{D8C8B1D8-32B5-419F-98A8-FF58B64D3564}.Debug|Any CPU.ActiveCfg = Debug|Any CPU
		{D8C8B1D8-32B5-419F-98A8-FF58B64D3564}.Debug|Any CPU.Build.0 = Debug|Any CPU
		{D8C8B1D8-32B5-419F-98A8-FF58B64D3564}.Release|Any CPU.ActiveCfg = Release|Any CPU
		{D8C8B1D8-32B5-419F-98A8-FF58B64D3564}.Release|Any CPU.Build.0 = Release|Any CPU
		{A87CC345-69BA-4CBE-85FC-C88A17AC4DB9}.Debug|Any CPU.ActiveCfg = Debug|Any CPU
		{A87CC345-69BA-4CBE-85FC-C88A17AC4DB9}.Debug|Any CPU.Build.0 = Debug|Any CPU
		{A87CC345-69BA-4CBE-85FC-C88A17AC4DB9}.Release|Any CPU.ActiveCfg = Release|Any CPU
		{A87CC345-69BA-4CBE-85FC-C88A17AC4DB9}.Release|Any CPU.Build.0 = Release|Any CPU
		{15FC3697-E824-4AE5-8AD3-1537D3EFB0E1}.Debug|Any CPU.ActiveCfg = Debug|Any CPU
		{15FC3697-E824-4AE5-8AD3-1537D3EFB0E1}.Debug|Any CPU.Build.0 = Debug|Any CPU
		{15FC3697-E824-4AE5-8AD3-1537D3EFB0E1}.Release|Any CPU.ActiveCfg = Release|Any CPU
		{15FC3697-E824-4AE5-8AD3-1537D3EFB0E1}.Release|Any CPU.Build.0 = Release|Any CPU
	EndGlobalSection
	GlobalSection(SolutionProperties) = preSolution
		HideSolutionNode = FALSE
	EndGlobalSection
	GlobalSection(ExtensibilityGlobals) = postSolution
		SolutionGuid = {2A58DEF9-32DF-483F-9B98-51CEC239C375}
	EndGlobalSection
EndGlobal
